
Microsoft Visual Studio Solution File, Format Version 12.00
# Visual Studio 15
VisualStudioVersion = 15.0.28307.106
MinimumVisualStudioVersion = 10.0.40219.1
Project("{FAE04EC0-301F-11D3-BF4B-00C04F79EFBC}") = "PCB", "PCB4\PCB4.csproj", "{81652F24-7227-4949-99BE-AE59648A4DB5}"
EndProject
Project("{FAE04EC0-301F-11D3-BF4B-00C04F79EFBC}") = "UnitTestProject1", "UnitTestProject1\UnitTestProject1.csproj", "{142C6452-0443-4E52-AEF5-818E3F9BB8C2}"
EndProject
Global
	GlobalSection(SolutionConfigurationPlatforms) = preSolution
		Debug|Any CPU = Debug|Any CPU
		Release|Any CPU = Release|Any CPU
	EndGlobalSection
	GlobalSection(ProjectConfigurationPlatforms) = postSolution
		{81652F24-7227-4949-99BE-AE59648A4DB5}.Debug|Any CPU.ActiveCfg = Debug|Any CPU
		{81652F24-7227-4949-99BE-AE59648A4DB5}.Debug|Any CPU.Build.0 = Debug|Any CPU
		{81652F24-7227-4949-99BE-AE59648A4DB5}.Release|Any CPU.ActiveCfg = Release|Any CPU
		{81652F24-7227-4949-99BE-AE59648A4DB5}.Release|Any CPU.Build.0 = Release|Any CPU
		{142C6452-0443-4E52-AEF5-818E3F9BB8C2}.Debug|Any CPU.ActiveCfg = Debug|Any CPU
		{142C6452-0443-4E52-AEF5-818E3F9BB8C2}.Debug|Any CPU.Build.0 = Debug|Any CPU
		{142C6452-0443-4E52-AEF5-818E3F9BB8C2}.Release|Any CPU.ActiveCfg = Release|Any CPU
		{142C6452-0443-4E52-AEF5-818E3F9BB8C2}.Release|Any CPU.Build.0 = Release|Any CPU
	EndGlobalSection
	GlobalSection(SolutionProperties) = preSolution
		HideSolutionNode = FALSE
	EndGlobalSection
	GlobalSection(ExtensibilityGlobals) = postSolution
		SolutionGuid = {9C567590-234A-4EB1-85D1-9F857347B8A8}
	EndGlobalSection
EndGlobal
